{
  "name": "nlogo-images",
  "version": "1.0.0",
  "lockfileVersion": 1,
  "requires": true,
  "dependencies": {
    "nlogo": {
      "version": "1.0.0",
      "resolved": "https://registry.npmjs.org/nlogo/-/nlogo-1.0.0.tgz",
      "integrity": "sha512-p9RkSYfsiEMtK1pKrGpU6e88xbcRYQJYuk++kvbEbhReJIganPNJNwi/H0DhfqmAfFZVIReSIQFtEdlLN1pSGw=="
    }
  }
}
